# This file is automatically @generated by Cargo.
# It is not intended for manual editing.
version = 3

[[package]]
name = "day7"
version = "0.1.0"
dependencies = [
 "indextree",
]

[[package]]
name = "indextree"
version = "4.5.0"
source = "registry+https://github.com/rust-lang/crates.io-index"
checksum = "497f036ac2fae75c34224648a77802e5dd4e9cfb56f4713ab6b12b7160a0523b"
