# This file is automatically @generated by Cargo.
# It is not intended for manual editing.
version = 3

[[package]]
name = "autocfg"
version = "1.0.1"
source = "registry+https://github.com/rust-lang/crates.io-index"
checksum = "cdb031dd78e28731d87d56cc8ffef4a8f36ca26c38fe2de700543e627f8a464a"

[[package]]
name = "fixedbitset"
version = "0.4.0"
source = "registry+https://github.com/rust-lang/crates.io-index"
checksum = "398ea4fabe40b9b0d885340a2a991a44c8a645624075ad966d21f88688e2b69e"

[[package]]
name = "hashbrown"
version = "0.11.2"
source = "registry+https://github.com/rust-lang/crates.io-index"
checksum = "ab5ef0d4909ef3724cc8cce6ccc8572c5c817592e9285f5464f8e86f8bd3726e"

[[package]]
name = "indexmap"
version = "1.7.0"
source = "registry+https://github.com/rust-lang/crates.io-index"
checksum = "bc633605454125dec4b66843673f01c7df2b89479b32e0ed634e43a91cff62a5"
dependencies = [
 "autocfg",
 "hashbrown",
]

[[package]]
name = "petgraph"
version = "0.6.0"
source = "registry+https://github.com/rust-lang/crates.io-index"
checksum = "4a13a2fa9d0b63e5f22328828741e523766fff0ee9e779316902290dff3f824f"
dependencies = [
 "fixedbitset",
 "indexmap",
]

[[package]]
name = "roald_advent_of_code_2021"
version = "0.1.0"
dependencies = [
 "petgraph",
]
