// !$*UTF8*$!
{
	archiveVersion = 1;
	classes = {
	};
	objectVersion = 56;
	objects = {

/* Begin PBXBuildFile section */
		043C93CB2939D59000C6A447 /* Input_2022_01.txt in Resources */ = {isa = PBXBuildFile; fileRef = 043C93CA2939D59000C6A447 /* Input_2022_01.txt */; };
		043C93CD2939D5A400C6A447 /* Solver_2022_02.swift in Sources */ = {isa = PBXBuildFile; fileRef = 043C93CC2939D5A400C6A447 /* Solver_2022_02.swift */; };
		043C93CF2939DA4500C6A447 /* Input_2022_02.txt in Resources */ = {isa = PBXBuildFile; fileRef = 043C93CE2939DA4500C6A447 /* Input_2022_02.txt */; };
		0471F24829369F8200D4B978 /* aocApp.swift in Sources */ = {isa = PBXBuildFile; fileRef = 0471F24729369F8200D4B978 /* aocApp.swift */; };
		0471F24A29369F8200D4B978 /* CalendarView.swift in Sources */ = {isa = PBXBuildFile; fileRef = 0471F24929369F8200D4B978 /* CalendarView.swift */; };
		0471F24C29369F8200D4B978 /* Assets.xcassets in Resources */ = {isa = PBXBuildFile; fileRef = 0471F24B29369F8200D4B978 /* Assets.xcassets */; };
		0471F24F29369F8200D4B978 /* Preview Assets.xcassets in Resources */ = {isa = PBXBuildFile; fileRef = 0471F24E29369F8200D4B978 /* Preview Assets.xcassets */; };
		0471F2572936B1A200D4B978 /* Solver.swift in Sources */ = {isa = PBXBuildFile; fileRef = 0471F2562936B1A200D4B978 /* Solver.swift */; };
		0471F25A2936B1BE00D4B978 /* Int+Ext.swift in Sources */ = {isa = PBXBuildFile; fileRef = 0471F2592936B1BE00D4B978 /* Int+Ext.swift */; };
		0471F25D2936B1E600D4B978 /* DayView.swift in Sources */ = {isa = PBXBuildFile; fileRef = 0471F25C2936B1E600D4B978 /* DayView.swift */; };
		0471F2602936B27D00D4B978 /* Solver_2022_01.swift in Sources */ = {isa = PBXBuildFile; fileRef = 0471F25F2936B27D00D4B978 /* Solver_2022_01.swift */; };
		0471F2682936B4D100D4B978 /* FileLoader.swift in Sources */ = {isa = PBXBuildFile; fileRef = 0471F2672936B4D100D4B978 /* FileLoader.swift */; };
		0471F26A2936B4EE00D4B978 /* DateHelper.swift in Sources */ = {isa = PBXBuildFile; fileRef = 0471F2692936B4EE00D4B978 /* DateHelper.swift */; };
		0471F26C2936B53B00D4B978 /* Math.swift in Sources */ = {isa = PBXBuildFile; fileRef = 0471F26B2936B53B00D4B978 /* Math.swift */; };
		0471F26E2936B6DF00D4B978 /* Direction.swift in Sources */ = {isa = PBXBuildFile; fileRef = 0471F26D2936B6DF00D4B978 /* Direction.swift */; };
		0471F2702936B70600D4B978 /* IntPoint.swift in Sources */ = {isa = PBXBuildFile; fileRef = 0471F26F2936B70600D4B978 /* IntPoint.swift */; };
		0471F2722936B73A00D4B978 /* AdventGrid.swift in Sources */ = {isa = PBXBuildFile; fileRef = 0471F2712936B73A00D4B978 /* AdventGrid.swift */; };
		0471F2742936B76300D4B978 /* AdventImage.swift in Sources */ = {isa = PBXBuildFile; fileRef = 0471F2732936B76300D4B978 /* AdventImage.swift */; };
		0471F2762936B77900D4B978 /* AdventColor.swift in Sources */ = {isa = PBXBuildFile; fileRef = 0471F2752936B77900D4B978 /* AdventColor.swift */; };
		0471F2782936B79300D4B978 /* IntAStar.swift in Sources */ = {isa = PBXBuildFile; fileRef = 0471F2772936B79300D4B978 /* IntAStar.swift */; };
		0471F27A2936B7AE00D4B978 /* Node.swift in Sources */ = {isa = PBXBuildFile; fileRef = 0471F2792936B7AE00D4B978 /* Node.swift */; };
		0471F27C2936B7C800D4B978 /* Misc.swift in Sources */ = {isa = PBXBuildFile; fileRef = 0471F27B2936B7C800D4B978 /* Misc.swift */; };
		0471F27E2936B7E000D4B978 /* PermutationHelper.swift in Sources */ = {isa = PBXBuildFile; fileRef = 0471F27D2936B7E000D4B978 /* PermutationHelper.swift */; };
		0471F2802936B80200D4B978 /* TravellingSalesmanHelper.swift in Sources */ = {isa = PBXBuildFile; fileRef = 0471F27F2936B80200D4B978 /* TravellingSalesmanHelper.swift */; };
		0471F2822936B81B00D4B978 /* Heap.swift in Sources */ = {isa = PBXBuildFile; fileRef = 0471F2812936B81B00D4B978 /* Heap.swift */; };
		0471F2842936B82C00D4B978 /* PriorityQueue.swift in Sources */ = {isa = PBXBuildFile; fileRef = 0471F2832936B82C00D4B978 /* PriorityQueue.swift */; };
		0471F2862936B84700D4B978 /* String+Ext.swift in Sources */ = {isa = PBXBuildFile; fileRef = 0471F2852936B84700D4B978 /* String+Ext.swift */; };
		0471F2882936B94100D4B978 /* GridInfo.swift in Sources */ = {isa = PBXBuildFile; fileRef = 0471F2872936B94100D4B978 /* GridInfo.swift */; };
		0471F28A2936D65B00D4B978 /* SolverView.swift in Sources */ = {isa = PBXBuildFile; fileRef = 0471F2892936D65B00D4B978 /* SolverView.swift */; };
		0471F28C2936D6D400D4B978 /* SolveState.swift in Sources */ = {isa = PBXBuildFile; fileRef = 0471F28B2936D6D400D4B978 /* SolveState.swift */; };
/* End PBXBuildFile section */

/* Begin PBXFileReference section */
		043C93CA2939D59000C6A447 /* Input_2022_01.txt */ = {isa = PBXFileReference; fileEncoding = 4; lastKnownFileType = text; path = Input_2022_01.txt; sourceTree = "<group>"; };
		043C93CC2939D5A400C6A447 /* Solver_2022_02.swift */ = {isa = PBXFileReference; lastKnownFileType = sourcecode.swift; path = Solver_2022_02.swift; sourceTree = "<group>"; };
		043C93CE2939DA4500C6A447 /* Input_2022_02.txt */ = {isa = PBXFileReference; fileEncoding = 4; lastKnownFileType = text; path = Input_2022_02.txt; sourceTree = "<group>"; };
		0471F24429369F8200D4B978 /* aoc.app */ = {isa = PBXFileReference; explicitFileType = wrapper.application; includeInIndex = 0; path = aoc.app; sourceTree = BUILT_PRODUCTS_DIR; };
		0471F24729369F8200D4B978 /* aocApp.swift */ = {isa = PBXFileReference; lastKnownFileType = sourcecode.swift; path = aocApp.swift; sourceTree = "<group>"; };
		0471F24929369F8200D4B978 /* CalendarView.swift */ = {isa = PBXFileReference; lastKnownFileType = sourcecode.swift; path = CalendarView.swift; sourceTree = "<group>"; };
		0471F24B29369F8200D4B978 /* Assets.xcassets */ = {isa = PBXFileReference; lastKnownFileType = folder.assetcatalog; path = Assets.xcassets; sourceTree = "<group>"; };
		0471F24E29369F8200D4B978 /* Preview Assets.xcassets */ = {isa = PBXFileReference; lastKnownFileType = folder.assetcatalog; path = "Preview Assets.xcassets"; sourceTree = "<group>"; };
		0471F2562936B1A200D4B978 /* Solver.swift */ = {isa = PBXFileReference; lastKnownFileType = sourcecode.swift; path = Solver.swift; sourceTree = "<group>"; };
		0471F2592936B1BE00D4B978 /* Int+Ext.swift */ = {isa = PBXFileReference; lastKnownFileType = sourcecode.swift; path = "Int+Ext.swift"; sourceTree = "<group>"; };
		0471F25C2936B1E600D4B978 /* DayView.swift */ = {isa = PBXFileReference; lastKnownFileType = sourcecode.swift; path = DayView.swift; sourceTree = "<group>"; };
		0471F25F2936B27D00D4B978 /* Solver_2022_01.swift */ = {isa = PBXFileReference; lastKnownFileType = sourcecode.swift; path = Solver_2022_01.swift; sourceTree = "<group>"; };
		0471F2672936B4D100D4B978 /* FileLoader.swift */ = {isa = PBXFileReference; lastKnownFileType = sourcecode.swift; path = FileLoader.swift; sourceTree = "<group>"; };
		0471F2692936B4EE00D4B978 /* DateHelper.swift */ = {isa = PBXFileReference; lastKnownFileType = sourcecode.swift; path = DateHelper.swift; sourceTree = "<group>"; };
		0471F26B2936B53B00D4B978 /* Math.swift */ = {isa = PBXFileReference; lastKnownFileType = sourcecode.swift; path = Math.swift; sourceTree = "<group>"; };
		0471F26D2936B6DF00D4B978 /* Direction.swift */ = {isa = PBXFileReference; lastKnownFileType = sourcecode.swift; path = Direction.swift; sourceTree = "<group>"; };
		0471F26F2936B70600D4B978 /* IntPoint.swift */ = {isa = PBXFileReference; lastKnownFileType = sourcecode.swift; path = IntPoint.swift; sourceTree = "<group>"; };
		0471F2712936B73A00D4B978 /* AdventGrid.swift */ = {isa = PBXFileReference; lastKnownFileType = sourcecode.swift; path = AdventGrid.swift; sourceTree = "<group>"; };
		0471F2732936B76300D4B978 /* AdventImage.swift */ = {isa = PBXFileReference; lastKnownFileType = sourcecode.swift; path = AdventImage.swift; sourceTree = "<group>"; };
		0471F2752936B77900D4B978 /* AdventColor.swift */ = {isa = PBXFileReference; lastKnownFileType = sourcecode.swift; path = AdventColor.swift; sourceTree = "<group>"; };
		0471F2772936B79300D4B978 /* IntAStar.swift */ = {isa = PBXFileReference; lastKnownFileType = sourcecode.swift; path = IntAStar.swift; sourceTree = "<group>"; };
		0471F2792936B7AE00D4B978 /* Node.swift */ = {isa = PBXFileReference; lastKnownFileType = sourcecode.swift; path = Node.swift; sourceTree = "<group>"; };
		0471F27B2936B7C800D4B978 /* Misc.swift */ = {isa = PBXFileReference; lastKnownFileType = sourcecode.swift; path = Misc.swift; sourceTree = "<group>"; };
		0471F27D2936B7E000D4B978 /* PermutationHelper.swift */ = {isa = PBXFileReference; lastKnownFileType = sourcecode.swift; path = PermutationHelper.swift; sourceTree = "<group>"; };
		0471F27F2936B80200D4B978 /* TravellingSalesmanHelper.swift */ = {isa = PBXFileReference; lastKnownFileType = sourcecode.swift; path = TravellingSalesmanHelper.swift; sourceTree = "<group>"; };
		0471F2812936B81B00D4B978 /* Heap.swift */ = {isa = PBXFileReference; lastKnownFileType = sourcecode.swift; path = Heap.swift; sourceTree = "<group>"; };
		0471F2832936B82C00D4B978 /* PriorityQueue.swift */ = {isa = PBXFileReference; lastKnownFileType = sourcecode.swift; path = PriorityQueue.swift; sourceTree = "<group>"; };
		0471F2852936B84700D4B978 /* String+Ext.swift */ = {isa = PBXFileReference; lastKnownFileType = sourcecode.swift; path = "String+Ext.swift"; sourceTree = "<group>"; };
		0471F2872936B94100D4B978 /* GridInfo.swift */ = {isa = PBXFileReference; lastKnownFileType = sourcecode.swift; path = GridInfo.swift; sourceTree = "<group>"; };
		0471F2892936D65B00D4B978 /* SolverView.swift */ = {isa = PBXFileReference; lastKnownFileType = sourcecode.swift; path = SolverView.swift; sourceTree = "<group>"; };
		0471F28B2936D6D400D4B978 /* SolveState.swift */ = {isa = PBXFileReference; lastKnownFileType = sourcecode.swift; path = SolveState.swift; sourceTree = "<group>"; };
/* End PBXFileReference section */

/* Begin PBXFrameworksBuildPhase section */
		0471F24129369F8200D4B978 /* Frameworks */ = {
			isa = PBXFrameworksBuildPhase;
			buildActionMask = 2147483647;
			files = (
			);
			runOnlyForDeploymentPostprocessing = 0;
		};
/* End PBXFrameworksBuildPhase section */

/* Begin PBXGroup section */
		0471F23B29369F8200D4B978 = {
			isa = PBXGroup;
			children = (
				0471F24629369F8200D4B978 /* aoc */,
				0471F24529369F8200D4B978 /* Products */,
			);
			sourceTree = "<group>";
		};
		0471F24529369F8200D4B978 /* Products */ = {
			isa = PBXGroup;
			children = (
				0471F24429369F8200D4B978 /* aoc.app */,
			);
			name = Products;
			sourceTree = "<group>";
		};
		0471F24629369F8200D4B978 /* aoc */ = {
			isa = PBXGroup;
			children = (
				0471F2662936B3A900D4B978 /* 2022 */,
				0471F25B2936B1DD00D4B978 /* Views */,
				0471F2582936B1B500D4B978 /* Extensions */,
				0471F2552936B19A00D4B978 /* Helpers */,
				0471F24729369F8200D4B978 /* aocApp.swift */,
				0471F24B29369F8200D4B978 /* Assets.xcassets */,
				0471F24D29369F8200D4B978 /* Preview Content */,
			);
			path = aoc;
			sourceTree = "<group>";
		};
		0471F24D29369F8200D4B978 /* Preview Content */ = {
			isa = PBXGroup;
			children = (
				0471F24E29369F8200D4B978 /* Preview Assets.xcassets */,
			);
			path = "Preview Content";
			sourceTree = "<group>";
		};
		0471F2552936B19A00D4B978 /* Helpers */ = {
			isa = PBXGroup;
			children = (
				0471F2562936B1A200D4B978 /* Solver.swift */,
				0471F2672936B4D100D4B978 /* FileLoader.swift */,
				0471F2692936B4EE00D4B978 /* DateHelper.swift */,
				0471F26B2936B53B00D4B978 /* Math.swift */,
				0471F26D2936B6DF00D4B978 /* Direction.swift */,
				0471F26F2936B70600D4B978 /* IntPoint.swift */,
				0471F2712936B73A00D4B978 /* AdventGrid.swift */,
				0471F2752936B77900D4B978 /* AdventColor.swift */,
				0471F2732936B76300D4B978 /* AdventImage.swift */,
				0471F2772936B79300D4B978 /* IntAStar.swift */,
				0471F2792936B7AE00D4B978 /* Node.swift */,
				0471F27B2936B7C800D4B978 /* Misc.swift */,
				0471F27D2936B7E000D4B978 /* PermutationHelper.swift */,
				0471F27F2936B80200D4B978 /* TravellingSalesmanHelper.swift */,
				0471F2812936B81B00D4B978 /* Heap.swift */,
				0471F2832936B82C00D4B978 /* PriorityQueue.swift */,
				0471F2872936B94100D4B978 /* GridInfo.swift */,
			);
			path = Helpers;
			sourceTree = "<group>";
		};
		0471F2582936B1B500D4B978 /* Extensions */ = {
			isa = PBXGroup;
			children = (
				0471F2592936B1BE00D4B978 /* Int+Ext.swift */,
				0471F2852936B84700D4B978 /* String+Ext.swift */,
			);
			path = Extensions;
			sourceTree = "<group>";
		};
		0471F25B2936B1DD00D4B978 /* Views */ = {
			isa = PBXGroup;
			children = (
				0471F24929369F8200D4B978 /* CalendarView.swift */,
				0471F25C2936B1E600D4B978 /* DayView.swift */,
				0471F2892936D65B00D4B978 /* SolverView.swift */,
				0471F28B2936D6D400D4B978 /* SolveState.swift */,
			);
			path = Views;
			sourceTree = "<group>";
		};
		0471F25E2936B25F00D4B978 /* Solvers */ = {
			isa = PBXGroup;
			children = (
				0471F25F2936B27D00D4B978 /* Solver_2022_01.swift */,
				043C93CC2939D5A400C6A447 /* Solver_2022_02.swift */,
			);
			path = Solvers;
			sourceTree = "<group>";
		};
		0471F2622936B37000D4B978 /* Input */ = {
			isa = PBXGroup;
			children = (
				043C93CA2939D59000C6A447 /* Input_2022_01.txt */,
				043C93CE2939DA4500C6A447 /* Input_2022_02.txt */,
			);
			path = Input;
			sourceTree = "<group>";
		};
		0471F2662936B3A900D4B978 /* 2022 */ = {
			isa = PBXGroup;
			children = (
				0471F2622936B37000D4B978 /* Input */,
				0471F25E2936B25F00D4B978 /* Solvers */,
			);
			path = 2022;
			sourceTree = "<group>";
		};
/* End PBXGroup section */

/* Begin PBXNativeTarget section */
		0471F24329369F8200D4B978 /* aoc */ = {
			isa = PBXNativeTarget;
			buildConfigurationList = 0471F25229369F8200D4B978 /* Build configuration list for PBXNativeTarget "aoc" */;
			buildPhases = (
				0471F24029369F8200D4B978 /* Sources */,
				0471F24129369F8200D4B978 /* Frameworks */,
				0471F24229369F8200D4B978 /* Resources */,
			);
			buildRules = (
			);
			dependencies = (
			);
			name = aoc;
			productName = aoc;
			productReference = 0471F24429369F8200D4B978 /* aoc.app */;
			productType = "com.apple.product-type.application";
		};
/* End PBXNativeTarget section */

/* Begin PBXProject section */
		0471F23C29369F8200D4B978 /* Project object */ = {
			isa = PBXProject;
			attributes = {
				BuildIndependentTargetsInParallel = 1;
				LastSwiftUpdateCheck = 1400;
				LastUpgradeCheck = 1400;
				TargetAttributes = {
					0471F24329369F8200D4B978 = {
						CreatedOnToolsVersion = 14.0;
					};
				};
			};
			buildConfigurationList = 0471F23F29369F8200D4B978 /* Build configuration list for PBXProject "aoc" */;
			compatibilityVersion = "Xcode 14.0";
			developmentRegion = en;
			hasScannedForEncodings = 0;
			knownRegions = (
				en,
				Base,
			);
			mainGroup = 0471F23B29369F8200D4B978;
			productRefGroup = 0471F24529369F8200D4B978 /* Products */;
			projectDirPath = "";
			projectRoot = "";
			targets = (
				0471F24329369F8200D4B978 /* aoc */,
			);
		};
/* End PBXProject section */

/* Begin PBXResourcesBuildPhase section */
		0471F24229369F8200D4B978 /* Resources */ = {
			isa = PBXResourcesBuildPhase;
			buildActionMask = 2147483647;
			files = (
				043C93CB2939D59000C6A447 /* Input_2022_01.txt in Resources */,
				043C93CF2939DA4500C6A447 /* Input_2022_02.txt in Resources */,
				0471F24F29369F8200D4B978 /* Preview Assets.xcassets in Resources */,
				0471F24C29369F8200D4B978 /* Assets.xcassets in Resources */,
			);
			runOnlyForDeploymentPostprocessing = 0;
		};
/* End PBXResourcesBuildPhase section */

/* Begin PBXSourcesBuildPhase section */
		0471F24029369F8200D4B978 /* Sources */ = {
			isa = PBXSourcesBuildPhase;
			buildActionMask = 2147483647;
			files = (
				0471F25D2936B1E600D4B978 /* DayView.swift in Sources */,
				0471F27C2936B7C800D4B978 /* Misc.swift in Sources */,
				0471F26A2936B4EE00D4B978 /* DateHelper.swift in Sources */,
				0471F2702936B70600D4B978 /* IntPoint.swift in Sources */,
				0471F26C2936B53B00D4B978 /* Math.swift in Sources */,
				0471F2842936B82C00D4B978 /* PriorityQueue.swift in Sources */,
				0471F28A2936D65B00D4B978 /* SolverView.swift in Sources */,
				0471F26E2936B6DF00D4B978 /* Direction.swift in Sources */,
				043C93CD2939D5A400C6A447 /* Solver_2022_02.swift in Sources */,
				0471F2602936B27D00D4B978 /* Solver_2022_01.swift in Sources */,
				0471F2742936B76300D4B978 /* AdventImage.swift in Sources */,
				0471F2682936B4D100D4B978 /* FileLoader.swift in Sources */,
				0471F2862936B84700D4B978 /* String+Ext.swift in Sources */,
				0471F2782936B79300D4B978 /* IntAStar.swift in Sources */,
				0471F2882936B94100D4B978 /* GridInfo.swift in Sources */,
				0471F24A29369F8200D4B978 /* CalendarView.swift in Sources */,
				0471F2822936B81B00D4B978 /* Heap.swift in Sources */,
				0471F2762936B77900D4B978 /* AdventColor.swift in Sources */,
				0471F27A2936B7AE00D4B978 /* Node.swift in Sources */,
				0471F24829369F8200D4B978 /* aocApp.swift in Sources */,
				0471F25A2936B1BE00D4B978 /* Int+Ext.swift in Sources */,
				0471F2572936B1A200D4B978 /* Solver.swift in Sources */,
				0471F28C2936D6D400D4B978 /* SolveState.swift in Sources */,
				0471F2802936B80200D4B978 /* TravellingSalesmanHelper.swift in Sources */,
				0471F27E2936B7E000D4B978 /* PermutationHelper.swift in Sources */,
				0471F2722936B73A00D4B978 /* AdventGrid.swift in Sources */,
			);
			runOnlyForDeploymentPostprocessing = 0;
		};
/* End PBXSourcesBuildPhase section */

/* Begin XCBuildConfiguration section */
		0471F25029369F8200D4B978 /* Debug */ = {
			isa = XCBuildConfiguration;
			buildSettings = {
				ALWAYS_SEARCH_USER_PATHS = NO;
				CLANG_ANALYZER_NONNULL = YES;
				CLANG_ANALYZER_NUMBER_OBJECT_CONVERSION = YES_AGGRESSIVE;
				CLANG_CXX_LANGUAGE_STANDARD = "gnu++20";
				CLANG_ENABLE_MODULES = YES;
				CLANG_ENABLE_OBJC_ARC = YES;
				CLANG_ENABLE_OBJC_WEAK = YES;
				CLANG_WARN_BLOCK_CAPTURE_AUTORELEASING = YES;
				CLANG_WARN_BOOL_CONVERSION = YES;
				CLANG_WARN_COMMA = YES;
				CLANG_WARN_CONSTANT_CONVERSION = YES;
				CLANG_WARN_DEPRECATED_OBJC_IMPLEMENTATIONS = YES;
				CLANG_WARN_DIRECT_OBJC_ISA_USAGE = YES_ERROR;
				CLANG_WARN_DOCUMENTATION_COMMENTS = YES;
				CLANG_WARN_EMPTY_BODY = YES;
				CLANG_WARN_ENUM_CONVERSION = YES;
				CLANG_WARN_INFINITE_RECURSION = YES;
				CLANG_WARN_INT_CONVERSION = YES;
				CLANG_WARN_NON_LITERAL_NULL_CONVERSION = YES;
				CLANG_WARN_OBJC_IMPLICIT_RETAIN_SELF = YES;
				CLANG_WARN_OBJC_LITERAL_CONVERSION = YES;
				CLANG_WARN_OBJC_ROOT_CLASS = YES_ERROR;
				CLANG_WARN_QUOTED_INCLUDE_IN_FRAMEWORK_HEADER = YES;
				CLANG_WARN_RANGE_LOOP_ANALYSIS = YES;
				CLANG_WARN_STRICT_PROTOTYPES = YES;
				CLANG_WARN_SUSPICIOUS_MOVE = YES;
				CLANG_WARN_UNGUARDED_AVAILABILITY = YES_AGGRESSIVE;
				CLANG_WARN_UNREACHABLE_CODE = YES;
				CLANG_WARN__DUPLICATE_METHOD_MATCH = YES;
				COPY_PHASE_STRIP = NO;
				DEBUG_INFORMATION_FORMAT = dwarf;
				ENABLE_STRICT_OBJC_MSGSEND = YES;
				ENABLE_TESTABILITY = YES;
				GCC_C_LANGUAGE_STANDARD = gnu11;
				GCC_DYNAMIC_NO_PIC = NO;
				GCC_NO_COMMON_BLOCKS = YES;
				GCC_OPTIMIZATION_LEVEL = 0;
				GCC_PREPROCESSOR_DEFINITIONS = (
					"DEBUG=1",
					"$(inherited)",
				);
				GCC_WARN_64_TO_32_BIT_CONVERSION = YES;
				GCC_WARN_ABOUT_RETURN_TYPE = YES_ERROR;
				GCC_WARN_UNDECLARED_SELECTOR = YES;
				GCC_WARN_UNINITIALIZED_AUTOS = YES_AGGRESSIVE;
				GCC_WARN_UNUSED_FUNCTION = YES;
				GCC_WARN_UNUSED_VARIABLE = YES;
				IPHONEOS_DEPLOYMENT_TARGET = 16.0;
				MTL_ENABLE_DEBUG_INFO = INCLUDE_SOURCE;
				MTL_FAST_MATH = YES;
				ONLY_ACTIVE_ARCH = YES;
				SDKROOT = iphoneos;
				SWIFT_ACTIVE_COMPILATION_CONDITIONS = DEBUG;
				SWIFT_OPTIMIZATION_LEVEL = "-Onone";
			};
			name = Debug;
		};
		0471F25129369F8200D4B978 /* Release */ = {
			isa = XCBuildConfiguration;
			buildSettings = {
				ALWAYS_SEARCH_USER_PATHS = NO;
				CLANG_ANALYZER_NONNULL = YES;
				CLANG_ANALYZER_NUMBER_OBJECT_CONVERSION = YES_AGGRESSIVE;
				CLANG_CXX_LANGUAGE_STANDARD = "gnu++20";
				CLANG_ENABLE_MODULES = YES;
				CLANG_ENABLE_OBJC_ARC = YES;
				CLANG_ENABLE_OBJC_WEAK = YES;
				CLANG_WARN_BLOCK_CAPTURE_AUTORELEASING = YES;
				CLANG_WARN_BOOL_CONVERSION = YES;
				CLANG_WARN_COMMA = YES;
				CLANG_WARN_CONSTANT_CONVERSION = YES;
				CLANG_WARN_DEPRECATED_OBJC_IMPLEMENTATIONS = YES;
				CLANG_WARN_DIRECT_OBJC_ISA_USAGE = YES_ERROR;
				CLANG_WARN_DOCUMENTATION_COMMENTS = YES;
				CLANG_WARN_EMPTY_BODY = YES;
				CLANG_WARN_ENUM_CONVERSION = YES;
				CLANG_WARN_INFINITE_RECURSION = YES;
				CLANG_WARN_INT_CONVERSION = YES;
				CLANG_WARN_NON_LITERAL_NULL_CONVERSION = YES;
				CLANG_WARN_OBJC_IMPLICIT_RETAIN_SELF = YES;
				CLANG_WARN_OBJC_LITERAL_CONVERSION = YES;
				CLANG_WARN_OBJC_ROOT_CLASS = YES_ERROR;
				CLANG_WARN_QUOTED_INCLUDE_IN_FRAMEWORK_HEADER = YES;
				CLANG_WARN_RANGE_LOOP_ANALYSIS = YES;
				CLANG_WARN_STRICT_PROTOTYPES = YES;
				CLANG_WARN_SUSPICIOUS_MOVE = YES;
				CLANG_WARN_UNGUARDED_AVAILABILITY = YES_AGGRESSIVE;
				CLANG_WARN_UNREACHABLE_CODE = YES;
				CLANG_WARN__DUPLICATE_METHOD_MATCH = YES;
				COPY_PHASE_STRIP = NO;
				DEBUG_INFORMATION_FORMAT = "dwarf-with-dsym";
				ENABLE_NS_ASSERTIONS = NO;
				ENABLE_STRICT_OBJC_MSGSEND = YES;
				GCC_C_LANGUAGE_STANDARD = gnu11;
				GCC_NO_COMMON_BLOCKS = YES;
				GCC_WARN_64_TO_32_BIT_CONVERSION = YES;
				GCC_WARN_ABOUT_RETURN_TYPE = YES_ERROR;
				GCC_WARN_UNDECLARED_SELECTOR = YES;
				GCC_WARN_UNINITIALIZED_AUTOS = YES_AGGRESSIVE;
				GCC_WARN_UNUSED_FUNCTION = YES;
				GCC_WARN_UNUSED_VARIABLE = YES;
				IPHONEOS_DEPLOYMENT_TARGET = 16.0;
				MTL_ENABLE_DEBUG_INFO = NO;
				MTL_FAST_MATH = YES;
				SDKROOT = iphoneos;
				SWIFT_COMPILATION_MODE = wholemodule;
				SWIFT_OPTIMIZATION_LEVEL = "-O";
				VALIDATE_PRODUCT = YES;
			};
			name = Release;
		};
		0471F25329369F8200D4B978 /* Debug */ = {
			isa = XCBuildConfiguration;
			buildSettings = {
				ASSETCATALOG_COMPILER_APPICON_NAME = AppIcon;
				ASSETCATALOG_COMPILER_GLOBAL_ACCENT_COLOR_NAME = AccentColor;
				CODE_SIGN_STYLE = Automatic;
				CURRENT_PROJECT_VERSION = 1;
				DEVELOPMENT_ASSET_PATHS = "\"aoc/Preview Content\"";
				DEVELOPMENT_TEAM = UMDMXH9PFW;
				ENABLE_PREVIEWS = YES;
				GENERATE_INFOPLIST_FILE = YES;
				INFOPLIST_KEY_UIApplicationSceneManifest_Generation = YES;
				INFOPLIST_KEY_UIApplicationSupportsIndirectInputEvents = YES;
				INFOPLIST_KEY_UILaunchScreen_Generation = YES;
				INFOPLIST_KEY_UISupportedInterfaceOrientations_iPad = "UIInterfaceOrientationPortrait UIInterfaceOrientationPortraitUpsideDown UIInterfaceOrientationLandscapeLeft UIInterfaceOrientationLandscapeRight";
				INFOPLIST_KEY_UISupportedInterfaceOrientations_iPhone = "UIInterfaceOrientationPortrait UIInterfaceOrientationLandscapeLeft UIInterfaceOrientationLandscapeRight";
				LD_RUNPATH_SEARCH_PATHS = (
					"$(inherited)",
					"@executable_path/Frameworks",
				);
				MARKETING_VERSION = 1.0;
				PRODUCT_BUNDLE_IDENTIFIER = no.gk.aoc;
				PRODUCT_NAME = "$(TARGET_NAME)";
				SWIFT_EMIT_LOC_STRINGS = YES;
				SWIFT_VERSION = 5.0;
				TARGETED_DEVICE_FAMILY = "1,2";
			};
			name = Debug;
		};
		0471F25429369F8200D4B978 /* Release */ = {
			isa = XCBuildConfiguration;
			buildSettings = {
				ASSETCATALOG_COMPILER_APPICON_NAME = AppIcon;
				ASSETCATALOG_COMPILER_GLOBAL_ACCENT_COLOR_NAME = AccentColor;
				CODE_SIGN_STYLE = Automatic;
				CURRENT_PROJECT_VERSION = 1;
				DEVELOPMENT_ASSET_PATHS = "\"aoc/Preview Content\"";
				DEVELOPMENT_TEAM = UMDMXH9PFW;
				ENABLE_PREVIEWS = YES;
				GENERATE_INFOPLIST_FILE = YES;
				INFOPLIST_KEY_UIApplicationSceneManifest_Generation = YES;
				INFOPLIST_KEY_UIApplicationSupportsIndirectInputEvents = YES;
				INFOPLIST_KEY_UILaunchScreen_Generation = YES;
				INFOPLIST_KEY_UISupportedInterfaceOrientations_iPad = "UIInterfaceOrientationPortrait UIInterfaceOrientationPortraitUpsideDown UIInterfaceOrientationLandscapeLeft UIInterfaceOrientationLandscapeRight";
				INFOPLIST_KEY_UISupportedInterfaceOrientations_iPhone = "UIInterfaceOrientationPortrait UIInterfaceOrientationLandscapeLeft UIInterfaceOrientationLandscapeRight";
				LD_RUNPATH_SEARCH_PATHS = (
					"$(inherited)",
					"@executable_path/Frameworks",
				);
				MARKETING_VERSION = 1.0;
				PRODUCT_BUNDLE_IDENTIFIER = no.gk.aoc;
				PRODUCT_NAME = "$(TARGET_NAME)";
				SWIFT_EMIT_LOC_STRINGS = YES;
				SWIFT_VERSION = 5.0;
				TARGETED_DEVICE_FAMILY = "1,2";
			};
			name = Release;
		};
/* End XCBuildConfiguration section */

/* Begin XCConfigurationList section */
		0471F23F29369F8200D4B978 /* Build configuration list for PBXProject "aoc" */ = {
			isa = XCConfigurationList;
			buildConfigurations = (
				0471F25029369F8200D4B978 /* Debug */,
				0471F25129369F8200D4B978 /* Release */,
			);
			defaultConfigurationIsVisible = 0;
			defaultConfigurationName = Release;
		};
		0471F25229369F8200D4B978 /* Build configuration list for PBXNativeTarget "aoc" */ = {
			isa = XCConfigurationList;
			buildConfigurations = (
				0471F25329369F8200D4B978 /* Debug */,
				0471F25429369F8200D4B978 /* Release */,
			);
			defaultConfigurationIsVisible = 0;
			defaultConfigurationName = Release;
		};
/* End XCConfigurationList section */
	};
	rootObject = 0471F23C29369F8200D4B978 /* Project object */;
}
