# This file is automatically @generated by Cargo.
# It is not intended for manual editing.
version = 3

[[package]]
name = "day01"
version = "0.1.0"
dependencies = [
 "helpers",
]

[[package]]
name = "day02"
version = "0.1.0"
dependencies = [
 "helpers",
]

[[package]]
name = "day03"
version = "0.1.0"
dependencies = [
 "helpers",
]

[[package]]
name = "day04"
version = "0.1.0"
dependencies = [
 "helpers",
]

[[package]]
name = "day05"
version = "0.1.0"

[[package]]
name = "helpers"
version = "0.1.0"
