# This file is automatically @generated by Cargo.
# It is not intended for manual editing.
version = 3

[[package]]
name = "day01"
version = "0.1.0"
dependencies = [
 "helpers",
]

[[package]]
name = "day02"
version = "0.1.0"
dependencies = [
 "helpers",
]

[[package]]
name = "day03"
version = "0.1.0"
dependencies = [
 "helpers",
]

[[package]]
name = "day04"
version = "0.1.0"
dependencies = [
 "helpers",
]

[[package]]
name = "day05"
version = "0.1.0"
dependencies = [
 "helpers",
]

[[package]]
name = "day06"
version = "0.1.0"
dependencies = [
 "helpers",
]

[[package]]
name = "day07"
version = "0.1.0"
dependencies = [
 "helpers",
]

[[package]]
name = "day08"
version = "0.1.0"
dependencies = [
 "helpers",
]

[[package]]
name = "day09"
version = "0.1.0"
dependencies = [
 "helpers",
]

[[package]]
name = "day10"
version = "0.1.0"
dependencies = [
 "helpers",
]

[[package]]
name = "day11"
version = "0.1.0"
dependencies = [
 "helpers",
]

[[package]]
name = "day12"
version = "0.1.0"
dependencies = [
 "helpers",
]

[[package]]
name = "day13"
version = "0.1.0"
dependencies = [
 "helpers",
]

[[package]]
name = "day14"
version = "0.1.0"
dependencies = [
 "helpers",
]

[[package]]
name = "day15"
version = "0.1.0"
dependencies = [
 "helpers",
]

[[package]]
name = "day16"
version = "0.1.0"
dependencies = [
 "helpers",
]

[[package]]
name = "day17"
version = "0.1.0"
dependencies = [
 "helpers",
]

[[package]]
name = "day18"
version = "0.1.0"
dependencies = [
 "helpers",
]

[[package]]
name = "day19"
version = "0.1.0"
dependencies = [
 "helpers",
]

[[package]]
name = "day20"
version = "0.1.0"
dependencies = [
 "helpers",
]

[[package]]
name = "day21"
version = "0.1.0"
dependencies = [
 "helpers",
]

[[package]]
name = "day22"
version = "0.1.0"
dependencies = [
 "helpers",
]

[[package]]
name = "day23"
version = "0.1.0"
dependencies = [
 "helpers",
]

[[package]]
name = "day24"
version = "0.1.0"
dependencies = [
 "helpers",
]

[[package]]
name = "day25"
version = "0.1.0"
dependencies = [
 "helpers",
]

[[package]]
name = "helpers"
version = "0.1.0"
